
Microsoft Visual Studio Solution File, Format Version 12.00
# Visual Studio 15
VisualStudioVersion = 15.0.27130.2027
MinimumVisualStudioVersion = 10.0.40219.1
Project("{FAE04EC0-301F-11D3-BF4B-00C04F79EFBC}") = "SimpleStuff", "SimpleStuff\SimpleStuff.csproj", "{CE2628A1-01BE-4EAC-92E4-F680C181927C}"
EndProject
Global
	GlobalSection(SolutionConfigurationPlatforms) = preSolution
		Debug|Any CPU = Debug|Any CPU
		Release|Any CPU = Release|Any CPU
	EndGlobalSection
	GlobalSection(ProjectConfigurationPlatforms) = postSolution
		{CE2628A1-01BE-4EAC-92E4-F680C181927C}.Debug|Any CPU.ActiveCfg = Debug|Any CPU
		{CE2628A1-01BE-4EAC-92E4-F680C181927C}.Debug|Any CPU.Build.0 = Debug|Any CPU
		{CE2628A1-01BE-4EAC-92E4-F680C181927C}.Release|Any CPU.ActiveCfg = Release|Any CPU
		{CE2628A1-01BE-4EAC-92E4-F680C181927C}.Release|Any CPU.Build.0 = Release|Any CPU
	EndGlobalSection
	GlobalSection(SolutionProperties) = preSolution
		HideSolutionNode = FALSE
	EndGlobalSection
	GlobalSection(ExtensibilityGlobals) = postSolution
		SolutionGuid = {F333EE57-7513-434B-95B3-53F0D1253A89}
	EndGlobalSection
EndGlobal
